
Microsoft Visual Studio Solution File, Format Version 12.00
# Visual Studio Version 16
VisualStudioVersion = 16.0.31112.23
MinimumVisualStudioVersion = 10.0.40219.1
Project("{FAE04EC0-301F-11D3-BF4B-00C04F79EFBC}") = "Aero hockey", "Aero hockey.csproj", "{D7599387-10FA-4C57-B2CB-5847AB52DFE5}"
EndProject
Global
	GlobalSection(SolutionConfigurationPlatforms) = preSolution
		Debug|Any CPU = Debug|Any CPU
		Release|Any CPU = Release|Any CPU
	EndGlobalSection
	GlobalSection(ProjectConfigurationPlatforms) = postSolution
		{D7599387-10FA-4C57-B2CB-5847AB52DFE5}.Debug|Any CPU.ActiveCfg = Debug|Any CPU
		{D7599387-10FA-4C57-B2CB-5847AB52DFE5}.Debug|Any CPU.Build.0 = Debug|Any CPU
		{D7599387-10FA-4C57-B2CB-5847AB52DFE5}.Release|Any CPU.ActiveCfg = Release|Any CPU
		{D7599387-10FA-4C57-B2CB-5847AB52DFE5}.Release|Any CPU.Build.0 = Release|Any CPU
	EndGlobalSection
	GlobalSection(SolutionProperties) = preSolution
		HideSolutionNode = FALSE
	EndGlobalSection
	GlobalSection(ExtensibilityGlobals) = postSolution
		SolutionGuid = {226E8D69-E5D4-4538-9B0E-27EC75DDCA68}
	EndGlobalSection
EndGlobal
